// !$*UTF8*$!
{
	archiveVersion = 1;
	classes = {
	};
	objectVersion = 56;
	objects = {

/* Begin PBXBuildFile section */
		886672122AC359F000313787 /* nrgApp.swift in Sources */ = {isa = PBXBuildFile; fileRef = 886672112AC359F000313787 /* nrgApp.swift */; };
		886672142AC359F000313787 /* ContentView.swift in Sources */ = {isa = PBXBuildFile; fileRef = 886672132AC359F000313787 /* ContentView.swift */; };
		886672162AC359F100313787 /* Assets.xcassets in Resources */ = {isa = PBXBuildFile; fileRef = 886672152AC359F100313787 /* Assets.xcassets */; };
		886672192AC359F100313787 /* Preview Assets.xcassets in Resources */ = {isa = PBXBuildFile; fileRef = 886672182AC359F100313787 /* Preview Assets.xcassets */; };
		8866721B2AC359F100313787 /* Persistence.swift in Sources */ = {isa = PBXBuildFile; fileRef = 8866721A2AC359F100313787 /* Persistence.swift */; };
		8866721E2AC359F100313787 /* nrg.xcdatamodeld in Sources */ = {isa = PBXBuildFile; fileRef = 8866721C2AC359F100313787 /* nrg.xcdatamodeld */; };
		886672292AC359F100313787 /* nrgTests.swift in Sources */ = {isa = PBXBuildFile; fileRef = 886672282AC359F100313787 /* nrgTests.swift */; };
		886672332AC359F100313787 /* nrgUITests.swift in Sources */ = {isa = PBXBuildFile; fileRef = 886672322AC359F100313787 /* nrgUITests.swift */; };
		886672352AC359F100313787 /* nrgUITestsLaunchTests.swift in Sources */ = {isa = PBXBuildFile; fileRef = 886672342AC359F100313787 /* nrgUITestsLaunchTests.swift */; };
/* End PBXBuildFile section */

/* Begin PBXContainerItemProxy section */
		886672252AC359F100313787 /* PBXContainerItemProxy */ = {
			isa = PBXContainerItemProxy;
			containerPortal = 886672062AC359F000313787 /* Project object */;
			proxyType = 1;
			remoteGlobalIDString = 8866720D2AC359F000313787;
			remoteInfo = nrg;
		};
		8866722F2AC359F100313787 /* PBXContainerItemProxy */ = {
			isa = PBXContainerItemProxy;
			containerPortal = 886672062AC359F000313787 /* Project object */;
			proxyType = 1;
			remoteGlobalIDString = 8866720D2AC359F000313787;
			remoteInfo = nrg;
		};
/* End PBXContainerItemProxy section */

/* Begin PBXFileReference section */
		8866720E2AC359F000313787 /* nrg.app */ = {isa = PBXFileReference; explicitFileType = wrapper.application; includeInIndex = 0; path = nrg.app; sourceTree = BUILT_PRODUCTS_DIR; };
		886672112AC359F000313787 /* nrgApp.swift */ = {isa = PBXFileReference; lastKnownFileType = sourcecode.swift; path = nrgApp.swift; sourceTree = "<group>"; };
		886672132AC359F000313787 /* ContentView.swift */ = {isa = PBXFileReference; lastKnownFileType = sourcecode.swift; path = ContentView.swift; sourceTree = "<group>"; };
		886672152AC359F100313787 /* Assets.xcassets */ = {isa = PBXFileReference; lastKnownFileType = folder.assetcatalog; path = Assets.xcassets; sourceTree = "<group>"; };
		886672182AC359F100313787 /* Preview Assets.xcassets */ = {isa = PBXFileReference; lastKnownFileType = folder.assetcatalog; path = "Preview Assets.xcassets"; sourceTree = "<group>"; };
		8866721A2AC359F100313787 /* Persistence.swift */ = {isa = PBXFileReference; lastKnownFileType = sourcecode.swift; path = Persistence.swift; sourceTree = "<group>"; };
		8866721D2AC359F100313787 /* nrg.xcdatamodel */ = {isa = PBXFileReference; lastKnownFileType = wrapper.xcdatamodel; path = nrg.xcdatamodel; sourceTree = "<group>"; };
		8866721F2AC359F100313787 /* Info.plist */ = {isa = PBXFileReference; lastKnownFileType = text.plist.xml; path = Info.plist; sourceTree = "<group>"; };
		886672242AC359F100313787 /* nrgTests.xctest */ = {isa = PBXFileReference; explicitFileType = wrapper.cfbundle; includeInIndex = 0; path = nrgTests.xctest; sourceTree = BUILT_PRODUCTS_DIR; };
		886672282AC359F100313787 /* nrgTests.swift */ = {isa = PBXFileReference; lastKnownFileType = sourcecode.swift; path = nrgTests.swift; sourceTree = "<group>"; };
		8866722E2AC359F100313787 /* nrgUITests.xctest */ = {isa = PBXFileReference; explicitFileType = wrapper.cfbundle; includeInIndex = 0; path = nrgUITests.xctest; sourceTree = BUILT_PRODUCTS_DIR; };
		886672322AC359F100313787 /* nrgUITests.swift */ = {isa = PBXFileReference; lastKnownFileType = sourcecode.swift; path = nrgUITests.swift; sourceTree = "<group>"; };
		886672342AC359F100313787 /* nrgUITestsLaunchTests.swift */ = {isa = PBXFileReference; lastKnownFileType = sourcecode.swift; path = nrgUITestsLaunchTests.swift; sourceTree = "<group>"; };
/* End PBXFileReference section */

/* Begin PBXFrameworksBuildPhase section */
		8866720B2AC359F000313787 /* Frameworks */ = {
			isa = PBXFrameworksBuildPhase;
			buildActionMask = 2147483647;
			files = (
			);
			runOnlyForDeploymentPostprocessing = 0;
		};
		886672212AC359F100313787 /* Frameworks */ = {
			isa = PBXFrameworksBuildPhase;
			buildActionMask = 2147483647;
			files = (
			);
			runOnlyForDeploymentPostprocessing = 0;
		};
		8866722B2AC359F100313787 /* Frameworks */ = {
			isa = PBXFrameworksBuildPhase;
			buildActionMask = 2147483647;
			files = (
			);
			runOnlyForDeploymentPostprocessing = 0;
		};
/* End PBXFrameworksBuildPhase section */

/* Begin PBXGroup section */
		886672052AC359F000313787 = {
			isa = PBXGroup;
			children = (
				886672102AC359F000313787 /* nrg */,
				886672272AC359F100313787 /* nrgTests */,
				886672312AC359F100313787 /* nrgUITests */,
				8866720F2AC359F000313787 /* Products */,
			);
			sourceTree = "<group>";
		};
		8866720F2AC359F000313787 /* Products */ = {
			isa = PBXGroup;
			children = (
				8866720E2AC359F000313787 /* nrg.app */,
				886672242AC359F100313787 /* nrgTests.xctest */,
				8866722E2AC359F100313787 /* nrgUITests.xctest */,
			);
			name = Products;
			sourceTree = "<group>";
		};
		886672102AC359F000313787 /* nrg */ = {
			isa = PBXGroup;
			children = (
				886672112AC359F000313787 /* nrgApp.swift */,
				886672132AC359F000313787 /* ContentView.swift */,
				886672152AC359F100313787 /* Assets.xcassets */,
				8866721A2AC359F100313787 /* Persistence.swift */,
				8866721F2AC359F100313787 /* Info.plist */,
				8866721C2AC359F100313787 /* nrg.xcdatamodeld */,
				886672172AC359F100313787 /* Preview Content */,
			);
			path = nrg;
			sourceTree = "<group>";
		};
		886672172AC359F100313787 /* Preview Content */ = {
			isa = PBXGroup;
			children = (
				886672182AC359F100313787 /* Preview Assets.xcassets */,
			);
			path = "Preview Content";
			sourceTree = "<group>";
		};
		886672272AC359F100313787 /* nrgTests */ = {
			isa = PBXGroup;
			children = (
				886672282AC359F100313787 /* nrgTests.swift */,
			);
			path = nrgTests;
			sourceTree = "<group>";
		};
		886672312AC359F100313787 /* nrgUITests */ = {
			isa = PBXGroup;
			children = (
				886672322AC359F100313787 /* nrgUITests.swift */,
				886672342AC359F100313787 /* nrgUITestsLaunchTests.swift */,
			);
			path = nrgUITests;
			sourceTree = "<group>";
		};
/* End PBXGroup section */

/* Begin PBXNativeTarget section */
		8866720D2AC359F000313787 /* nrg */ = {
			isa = PBXNativeTarget;
			buildConfigurationList = 886672382AC359F100313787 /* Build configuration list for PBXNativeTarget "nrg" */;
			buildPhases = (
				8866720A2AC359F000313787 /* Sources */,
				8866720B2AC359F000313787 /* Frameworks */,
				8866720C2AC359F000313787 /* Resources */,
			);
			buildRules = (
			);
			dependencies = (
			);
			name = nrg;
			productName = nrg;
			productReference = 8866720E2AC359F000313787 /* nrg.app */;
			productType = "com.apple.product-type.application";
		};
		886672232AC359F100313787 /* nrgTests */ = {
			isa = PBXNativeTarget;
			buildConfigurationList = 8866723B2AC359F100313787 /* Build configuration list for PBXNativeTarget "nrgTests" */;
			buildPhases = (
				886672202AC359F100313787 /* Sources */,
				886672212AC359F100313787 /* Frameworks */,
				886672222AC359F100313787 /* Resources */,
			);
			buildRules = (
			);
			dependencies = (
				886672262AC359F100313787 /* PBXTargetDependency */,
			);
			name = nrgTests;
			productName = nrgTests;
			productReference = 886672242AC359F100313787 /* nrgTests.xctest */;
			productType = "com.apple.product-type.bundle.unit-test";
		};
		8866722D2AC359F100313787 /* nrgUITests */ = {
			isa = PBXNativeTarget;
			buildConfigurationList = 8866723E2AC359F100313787 /* Build configuration list for PBXNativeTarget "nrgUITests" */;
			buildPhases = (
				8866722A2AC359F100313787 /* Sources */,
				8866722B2AC359F100313787 /* Frameworks */,
				8866722C2AC359F100313787 /* Resources */,
			);
			buildRules = (
			);
			dependencies = (
				886672302AC359F100313787 /* PBXTargetDependency */,
			);
			name = nrgUITests;
			productName = nrgUITests;
			productReference = 8866722E2AC359F100313787 /* nrgUITests.xctest */;
			productType = "com.apple.product-type.bundle.ui-testing";
		};
/* End PBXNativeTarget section */

/* Begin PBXProject section */
		886672062AC359F000313787 /* Project object */ = {
			isa = PBXProject;
			attributes = {
				BuildIndependentTargetsInParallel = 1;
				LastSwiftUpdateCheck = 1430;
				LastUpgradeCheck = 1430;
				TargetAttributes = {
					8866720D2AC359F000313787 = {
						CreatedOnToolsVersion = 14.3.1;
					};
					886672232AC359F100313787 = {
						CreatedOnToolsVersion = 14.3.1;
						TestTargetID = 8866720D2AC359F000313787;
					};
					8866722D2AC359F100313787 = {
						CreatedOnToolsVersion = 14.3.1;
						TestTargetID = 8866720D2AC359F000313787;
					};
				};
			};
			buildConfigurationList = 886672092AC359F000313787 /* Build configuration list for PBXProject "nrg" */;
			compatibilityVersion = "Xcode 14.0";
			developmentRegion = en;
			hasScannedForEncodings = 0;
			knownRegions = (
				en,
				Base,
			);
			mainGroup = 886672052AC359F000313787;
			productRefGroup = 8866720F2AC359F000313787 /* Products */;
			projectDirPath = "";
			projectRoot = "";
			targets = (
				8866720D2AC359F000313787 /* nrg */,
				886672232AC359F100313787 /* nrgTests */,
				8866722D2AC359F100313787 /* nrgUITests */,
			);
		};
/* End PBXProject section */

/* Begin PBXResourcesBuildPhase section */
		8866720C2AC359F000313787 /* Resources */ = {
			isa = PBXResourcesBuildPhase;
			buildActionMask = 2147483647;
			files = (
				886672192AC359F100313787 /* Preview Assets.xcassets in Resources */,
				886672162AC359F100313787 /* Assets.xcassets in Resources */,
			);
			runOnlyForDeploymentPostprocessing = 0;
		};
		886672222AC359F100313787 /* Resources */ = {
			isa = PBXResourcesBuildPhase;
			buildActionMask = 2147483647;
			files = (
			);
			runOnlyForDeploymentPostprocessing = 0;
		};
		8866722C2AC359F100313787 /* Resources */ = {
			isa = PBXResourcesBuildPhase;
			buildActionMask = 2147483647;
			files = (
			);
			runOnlyForDeploymentPostprocessing = 0;
		};
/* End PBXResourcesBuildPhase section */

/* Begin PBXSourcesBuildPhase section */
		8866720A2AC359F000313787 /* Sources */ = {
			isa = PBXSourcesBuildPhase;
			buildActionMask = 2147483647;
			files = (
				8866721B2AC359F100313787 /* Persistence.swift in Sources */,
				886672142AC359F000313787 /* ContentView.swift in Sources */,
				886672122AC359F000313787 /* nrgApp.swift in Sources */,
				8866721E2AC359F100313787 /* nrg.xcdatamodeld in Sources */,
			);
			runOnlyForDeploymentPostprocessing = 0;
		};
		886672202AC359F100313787 /* Sources */ = {
			isa = PBXSourcesBuildPhase;
			buildActionMask = 2147483647;
			files = (
				886672292AC359F100313787 /* nrgTests.swift in Sources */,
			);
			runOnlyForDeploymentPostprocessing = 0;
		};
		8866722A2AC359F100313787 /* Sources */ = {
			isa = PBXSourcesBuildPhase;
			buildActionMask = 2147483647;
			files = (
				886672352AC359F100313787 /* nrgUITestsLaunchTests.swift in Sources */,
				886672332AC359F100313787 /* nrgUITests.swift in Sources */,
			);
			runOnlyForDeploymentPostprocessing = 0;
		};
/* End PBXSourcesBuildPhase section */

/* Begin PBXTargetDependency section */
		886672262AC359F100313787 /* PBXTargetDependency */ = {
			isa = PBXTargetDependency;
			target = 8866720D2AC359F000313787 /* nrg */;
			targetProxy = 886672252AC359F100313787 /* PBXContainerItemProxy */;
		};
		886672302AC359F100313787 /* PBXTargetDependency */ = {
			isa = PBXTargetDependency;
			target = 8866720D2AC359F000313787 /* nrg */;
			targetProxy = 8866722F2AC359F100313787 /* PBXContainerItemProxy */;
		};
/* End PBXTargetDependency section */

/* Begin XCBuildConfiguration section */
		886672362AC359F100313787 /* Debug */ = {
			isa = XCBuildConfiguration;
			buildSettings = {
				ALWAYS_SEARCH_USER_PATHS = NO;
				CLANG_ANALYZER_NONNULL = YES;
				CLANG_ANALYZER_NUMBER_OBJECT_CONVERSION = YES_AGGRESSIVE;
				CLANG_CXX_LANGUAGE_STANDARD = "gnu++20";
				CLANG_ENABLE_MODULES = YES;
				CLANG_ENABLE_OBJC_ARC = YES;
				CLANG_ENABLE_OBJC_WEAK = YES;
				CLANG_WARN_BLOCK_CAPTURE_AUTORELEASING = YES;
				CLANG_WARN_BOOL_CONVERSION = YES;
				CLANG_WARN_COMMA = YES;
				CLANG_WARN_CONSTANT_CONVERSION = YES;
				CLANG_WARN_DEPRECATED_OBJC_IMPLEMENTATIONS = YES;
				CLANG_WARN_DIRECT_OBJC_ISA_USAGE = YES_ERROR;
				CLANG_WARN_DOCUMENTATION_COMMENTS = YES;
				CLANG_WARN_EMPTY_BODY = YES;
				CLANG_WARN_ENUM_CONVERSION = YES;
				CLANG_WARN_INFINITE_RECURSION = YES;
				CLANG_WARN_INT_CONVERSION = YES;
				CLANG_WARN_NON_LITERAL_NULL_CONVERSION = YES;
				CLANG_WARN_OBJC_IMPLICIT_RETAIN_SELF = YES;
				CLANG_WARN_OBJC_LITERAL_CONVERSION = YES;
				CLANG_WARN_OBJC_ROOT_CLASS = YES_ERROR;
				CLANG_WARN_QUOTED_INCLUDE_IN_FRAMEWORK_HEADER = YES;
				CLANG_WARN_RANGE_LOOP_ANALYSIS = YES;
				CLANG_WARN_STRICT_PROTOTYPES = YES;
				CLANG_WARN_SUSPICIOUS_MOVE = YES;
				CLANG_WARN_UNGUARDED_AVAILABILITY = YES_AGGRESSIVE;
				CLANG_WARN_UNREACHABLE_CODE = YES;
				CLANG_WARN__DUPLICATE_METHOD_MATCH = YES;
				COPY_PHASE_STRIP = NO;
				DEBUG_INFORMATION_FORMAT = dwarf;
				ENABLE_STRICT_OBJC_MSGSEND = YES;
				ENABLE_TESTABILITY = YES;
				GCC_C_LANGUAGE_STANDARD = gnu11;
				GCC_DYNAMIC_NO_PIC = NO;
				GCC_NO_COMMON_BLOCKS = YES;
				GCC_OPTIMIZATION_LEVEL = 0;
				GCC_PREPROCESSOR_DEFINITIONS = (
					"DEBUG=1",
					"$(inherited)",
				);
				GCC_WARN_64_TO_32_BIT_CONVERSION = YES;
				GCC_WARN_ABOUT_RETURN_TYPE = YES_ERROR;
				GCC_WARN_UNDECLARED_SELECTOR = YES;
				GCC_WARN_UNINITIALIZED_AUTOS = YES_AGGRESSIVE;
				GCC_WARN_UNUSED_FUNCTION = YES;
				GCC_WARN_UNUSED_VARIABLE = YES;
				IPHONEOS_DEPLOYMENT_TARGET = 16.4;
				MTL_ENABLE_DEBUG_INFO = INCLUDE_SOURCE;
				MTL_FAST_MATH = YES;
				ONLY_ACTIVE_ARCH = YES;
				SDKROOT = iphoneos;
				SWIFT_ACTIVE_COMPILATION_CONDITIONS = DEBUG;
				SWIFT_OPTIMIZATION_LEVEL = "-Onone";
			};
			name = Debug;
		};
		886672372AC359F100313787 /* Release */ = {
			isa = XCBuildConfiguration;
			buildSettings = {
				ALWAYS_SEARCH_USER_PATHS = NO;
				CLANG_ANALYZER_NONNULL = YES;
				CLANG_ANALYZER_NUMBER_OBJECT_CONVERSION = YES_AGGRESSIVE;
				CLANG_CXX_LANGUAGE_STANDARD = "gnu++20";
				CLANG_ENABLE_MODULES = YES;
				CLANG_ENABLE_OBJC_ARC = YES;
				CLANG_ENABLE_OBJC_WEAK = YES;
				CLANG_WARN_BLOCK_CAPTURE_AUTORELEASING = YES;
				CLANG_WARN_BOOL_CONVERSION = YES;
				CLANG_WARN_COMMA = YES;
				CLANG_WARN_CONSTANT_CONVERSION = YES;
				CLANG_WARN_DEPRECATED_OBJC_IMPLEMENTATIONS = YES;
				CLANG_WARN_DIRECT_OBJC_ISA_USAGE = YES_ERROR;
				CLANG_WARN_DOCUMENTATION_COMMENTS = YES;
				CLANG_WARN_EMPTY_BODY = YES;
				CLANG_WARN_ENUM_CONVERSION = YES;
				CLANG_WARN_INFINITE_RECURSION = YES;
				CLANG_WARN_INT_CONVERSION = YES;
				CLANG_WARN_NON_LITERAL_NULL_CONVERSION = YES;
				CLANG_WARN_OBJC_IMPLICIT_RETAIN_SELF = YES;
				CLANG_WARN_OBJC_LITERAL_CONVERSION = YES;
				CLANG_WARN_OBJC_ROOT_CLASS = YES_ERROR;
				CLANG_WARN_QUOTED_INCLUDE_IN_FRAMEWORK_HEADER = YES;
				CLANG_WARN_RANGE_LOOP_ANALYSIS = YES;
				CLANG_WARN_STRICT_PROTOTYPES = YES;
				CLANG_WARN_SUSPICIOUS_MOVE = YES;
				CLANG_WARN_UNGUARDED_AVAILABILITY = YES_AGGRESSIVE;
				CLANG_WARN_UNREACHABLE_CODE = YES;
				CLANG_WARN__DUPLICATE_METHOD_MATCH = YES;
				COPY_PHASE_STRIP = NO;
				DEBUG_INFORMATION_FORMAT = "dwarf-with-dsym";
				ENABLE_NS_ASSERTIONS = NO;
				ENABLE_STRICT_OBJC_MSGSEND = YES;
				GCC_C_LANGUAGE_STANDARD = gnu11;
				GCC_NO_COMMON_BLOCKS = YES;
				GCC_WARN_64_TO_32_BIT_CONVERSION = YES;
				GCC_WARN_ABOUT_RETURN_TYPE = YES_ERROR;
				GCC_WARN_UNDECLARED_SELECTOR = YES;
				GCC_WARN_UNINITIALIZED_AUTOS = YES_AGGRESSIVE;
				GCC_WARN_UNUSED_FUNCTION = YES;
				GCC_WARN_UNUSED_VARIABLE = YES;
				IPHONEOS_DEPLOYMENT_TARGET = 16.4;
				MTL_ENABLE_DEBUG_INFO = NO;
				MTL_FAST_MATH = YES;
				SDKROOT = iphoneos;
				SWIFT_COMPILATION_MODE = wholemodule;
				SWIFT_OPTIMIZATION_LEVEL = "-O";
				VALIDATE_PRODUCT = YES;
			};
			name = Release;
		};
		886672392AC359F100313787 /* Debug */ = {
			isa = XCBuildConfiguration;
			buildSettings = {
				ASSETCATALOG_COMPILER_APPICON_NAME = AppIcon;
				ASSETCATALOG_COMPILER_GLOBAL_ACCENT_COLOR_NAME = AccentColor;
				CODE_SIGN_STYLE = Automatic;
				CURRENT_PROJECT_VERSION = 1;
				DEVELOPMENT_ASSET_PATHS = "\"nrg/Preview Content\"";
				DEVELOPMENT_TEAM = 95PH4F2KX6;
				ENABLE_PREVIEWS = YES;
				GENERATE_INFOPLIST_FILE = YES;
				INFOPLIST_KEY_UIApplicationSceneManifest_Generation = YES;
				INFOPLIST_KEY_UIApplicationSupportsIndirectInputEvents = YES;
				INFOPLIST_KEY_UILaunchScreen_Generation = YES;
				INFOPLIST_KEY_UISupportedInterfaceOrientations_iPad = "UIInterfaceOrientationPortrait UIInterfaceOrientationPortraitUpsideDown UIInterfaceOrientationLandscapeLeft UIInterfaceOrientationLandscapeRight";
				INFOPLIST_KEY_UISupportedInterfaceOrientations_iPhone = "UIInterfaceOrientationPortrait UIInterfaceOrientationLandscapeLeft UIInterfaceOrientationLandscapeRight";
				LD_RUNPATH_SEARCH_PATHS = (
					"$(inherited)",
					"@executable_path/Frameworks",
				);
				MARKETING_VERSION = 1.0;
				PRODUCT_BUNDLE_IDENTIFIER = adek.nrg;
				PRODUCT_NAME = "$(TARGET_NAME)";
				SWIFT_EMIT_LOC_STRINGS = YES;
				SWIFT_VERSION = 5.0;
				TARGETED_DEVICE_FAMILY = "1,2";
			};
			name = Debug;
		};
		8866723A2AC359F100313787 /* Release */ = {
			isa = XCBuildConfiguration;
			buildSettings = {
				ASSETCATALOG_COMPILER_APPICON_NAME = AppIcon;
				ASSETCATALOG_COMPILER_GLOBAL_ACCENT_COLOR_NAME = AccentColor;
				CODE_SIGN_STYLE = Automatic;
				CURRENT_PROJECT_VERSION = 1;
				DEVELOPMENT_ASSET_PATHS = "\"nrg/Preview Content\"";
				DEVELOPMENT_TEAM = 95PH4F2KX6;
				ENABLE_PREVIEWS = YES;
				GENERATE_INFOPLIST_FILE = YES;
				INFOPLIST_KEY_UIApplicationSceneManifest_Generation = YES;
				INFOPLIST_KEY_UIApplicationSupportsIndirectInputEvents = YES;
				INFOPLIST_KEY_UILaunchScreen_Generation = YES;
				INFOPLIST_KEY_UISupportedInterfaceOrientations_iPad = "UIInterfaceOrientationPortrait UIInterfaceOrientationPortraitUpsideDown UIInterfaceOrientationLandscapeLeft UIInterfaceOrientationLandscapeRight";
				INFOPLIST_KEY_UISupportedInterfaceOrientations_iPhone = "UIInterfaceOrientationPortrait UIInterfaceOrientationLandscapeLeft UIInterfaceOrientationLandscapeRight";
				LD_RUNPATH_SEARCH_PATHS = (
					"$(inherited)",
					"@executable_path/Frameworks",
				);
				MARKETING_VERSION = 1.0;
				PRODUCT_BUNDLE_IDENTIFIER = adek.nrg;
				PRODUCT_NAME = "$(TARGET_NAME)";
				SWIFT_EMIT_LOC_STRINGS = YES;
				SWIFT_VERSION = 5.0;
				TARGETED_DEVICE_FAMILY = "1,2";
			};
			name = Release;
		};
		8866723C2AC359F100313787 /* Debug */ = {
			isa = XCBuildConfiguration;
			buildSettings = {
				ALWAYS_EMBED_SWIFT_STANDARD_LIBRARIES = YES;
				BUNDLE_LOADER = "$(TEST_HOST)";
				CODE_SIGN_STYLE = Automatic;
				CURRENT_PROJECT_VERSION = 1;
				DEVELOPMENT_TEAM = 95PH4F2KX6;
				GENERATE_INFOPLIST_FILE = YES;
				IPHONEOS_DEPLOYMENT_TARGET = 16.4;
				MARKETING_VERSION = 1.0;
				PRODUCT_BUNDLE_IDENTIFIER = adek.nrgTests;
				PRODUCT_NAME = "$(TARGET_NAME)";
				SWIFT_EMIT_LOC_STRINGS = NO;
				SWIFT_VERSION = 5.0;
				TARGETED_DEVICE_FAMILY = "1,2";
				TEST_HOST = "$(BUILT_PRODUCTS_DIR)/nrg.app/$(BUNDLE_EXECUTABLE_FOLDER_PATH)/nrg";
			};
			name = Debug;
		};
		8866723D2AC359F100313787 /* Release */ = {
			isa = XCBuildConfiguration;
			buildSettings = {
				ALWAYS_EMBED_SWIFT_STANDARD_LIBRARIES = YES;
				BUNDLE_LOADER = "$(TEST_HOST)";
				CODE_SIGN_STYLE = Automatic;
				CURRENT_PROJECT_VERSION = 1;
				DEVELOPMENT_TEAM = 95PH4F2KX6;
				GENERATE_INFOPLIST_FILE = YES;
				IPHONEOS_DEPLOYMENT_TARGET = 16.4;
				MARKETING_VERSION = 1.0;
				PRODUCT_BUNDLE_IDENTIFIER = adek.nrgTests;
				PRODUCT_NAME = "$(TARGET_NAME)";
				SWIFT_EMIT_LOC_STRINGS = NO;
				SWIFT_VERSION = 5.0;
				TARGETED_DEVICE_FAMILY = "1,2";
				TEST_HOST = "$(BUILT_PRODUCTS_DIR)/nrg.app/$(BUNDLE_EXECUTABLE_FOLDER_PATH)/nrg";
			};
			name = Release;
		};
		8866723F2AC359F100313787 /* Debug */ = {
			isa = XCBuildConfiguration;
			buildSettings = {
				ALWAYS_EMBED_SWIFT_STANDARD_LIBRARIES = YES;
				CODE_SIGN_STYLE = Automatic;
				CURRENT_PROJECT_VERSION = 1;
				DEVELOPMENT_TEAM = 95PH4F2KX6;
				GENERATE_INFOPLIST_FILE = YES;
				MARKETING_VERSION = 1.0;
				PRODUCT_BUNDLE_IDENTIFIER = adek.nrgUITests;
				PRODUCT_NAME = "$(TARGET_NAME)";
				SWIFT_EMIT_LOC_STRINGS = NO;
				SWIFT_VERSION = 5.0;
				TARGETED_DEVICE_FAMILY = "1,2";
				TEST_TARGET_NAME = nrg;
			};
			name = Debug;
		};
		886672402AC359F100313787 /* Release */ = {
			isa = XCBuildConfiguration;
			buildSettings = {
				ALWAYS_EMBED_SWIFT_STANDARD_LIBRARIES = YES;
				CODE_SIGN_STYLE = Automatic;
				CURRENT_PROJECT_VERSION = 1;
				DEVELOPMENT_TEAM = 95PH4F2KX6;
				GENERATE_INFOPLIST_FILE = YES;
				MARKETING_VERSION = 1.0;
				PRODUCT_BUNDLE_IDENTIFIER = adek.nrgUITests;
				PRODUCT_NAME = "$(TARGET_NAME)";
				SWIFT_EMIT_LOC_STRINGS = NO;
				SWIFT_VERSION = 5.0;
				TARGETED_DEVICE_FAMILY = "1,2";
				TEST_TARGET_NAME = nrg;
			};
			name = Release;
		};
/* End XCBuildConfiguration section */

/* Begin XCConfigurationList section */
		886672092AC359F000313787 /* Build configuration list for PBXProject "nrg" */ = {
			isa = XCConfigurationList;
			buildConfigurations = (
				886672362AC359F100313787 /* Debug */,
				886672372AC359F100313787 /* Release */,
			);
			defaultConfigurationIsVisible = 0;
			defaultConfigurationName = Release;
		};
		886672382AC359F100313787 /* Build configuration list for PBXNativeTarget "nrg" */ = {
			isa = XCConfigurationList;
			buildConfigurations = (
				886672392AC359F100313787 /* Debug */,
				8866723A2AC359F100313787 /* Release */,
			);
			defaultConfigurationIsVisible = 0;
			defaultConfigurationName = Release;
		};
		8866723B2AC359F100313787 /* Build configuration list for PBXNativeTarget "nrgTests" */ = {
			isa = XCConfigurationList;
			buildConfigurations = (
				8866723C2AC359F100313787 /* Debug */,
				8866723D2AC359F100313787 /* Release */,
			);
			defaultConfigurationIsVisible = 0;
			defaultConfigurationName = Release;
		};
		8866723E2AC359F100313787 /* Build configuration list for PBXNativeTarget "nrgUITests" */ = {
			isa = XCConfigurationList;
			buildConfigurations = (
				8866723F2AC359F100313787 /* Debug */,
				886672402AC359F100313787 /* Release */,
			);
			defaultConfigurationIsVisible = 0;
			defaultConfigurationName = Release;
		};
/* End XCConfigurationList section */

/* Begin XCVersionGroup section */
		8866721C2AC359F100313787 /* nrg.xcdatamodeld */ = {
			isa = XCVersionGroup;
			children = (
				8866721D2AC359F100313787 /* nrg.xcdatamodel */,
			);
			currentVersion = 8866721D2AC359F100313787 /* nrg.xcdatamodel */;
			path = nrg.xcdatamodeld;
			sourceTree = "<group>";
			versionGroupType = wrapper.xcdatamodel;
		};
/* End XCVersionGroup section */
	};
	rootObject = 886672062AC359F000313787 /* Project object */;
}
